
Microsoft Visual Studio Solution File, Format Version 12.00
# Visual Studio Version 16
VisualStudioVersion = 16.0.31112.23
MinimumVisualStudioVersion = 10.0.40219.1
Project("{FAE04EC0-301F-11D3-BF4B-00C04F79EFBC}") = "WebFormUI", "WebFormUI\WebFormUI.csproj", "{AD3CCCEE-51BA-4CA1-9541-8C3AB78C48C6}"
EndProject
Project("{FAE04EC0-301F-11D3-BF4B-00C04F79EFBC}") = "BLL", "BLL\BLL.csproj", "{D2C3B5CB-F254-47F9-A6CF-69EEB09E8153}"
EndProject
Project("{FAE04EC0-301F-11D3-BF4B-00C04F79EFBC}") = "Common", "Common\Common.csproj", "{E7552D39-B676-481F-BCA4-BEE8DA7D0E80}"
EndProject
Project("{FAE04EC0-301F-11D3-BF4B-00C04F79EFBC}") = "DAL", "DAL\DAL.csproj", "{2C6B96D9-0502-4DEA-9C60-7407A5BDEB65}"
EndProject
Project("{FAE04EC0-301F-11D3-BF4B-00C04F79EFBC}") = "Model", "Model\Model.csproj", "{FD446C3F-0823-4FAD-8E72-5F316A657621}"
EndProject
Global
	GlobalSection(SolutionConfigurationPlatforms) = preSolution
		Debug|Any CPU = Debug|Any CPU
		Release|Any CPU = Release|Any CPU
	EndGlobalSection
	GlobalSection(ProjectConfigurationPlatforms) = postSolution
		{AD3CCCEE-51BA-4CA1-9541-8C3AB78C48C6}.Debug|Any CPU.ActiveCfg = Debug|Any CPU
		{AD3CCCEE-51BA-4CA1-9541-8C3AB78C48C6}.Debug|Any CPU.Build.0 = Debug|Any CPU
		{AD3CCCEE-51BA-4CA1-9541-8C3AB78C48C6}.Release|Any CPU.ActiveCfg = Release|Any CPU
		{AD3CCCEE-51BA-4CA1-9541-8C3AB78C48C6}.Release|Any CPU.Build.0 = Release|Any CPU
		{D2C3B5CB-F254-47F9-A6CF-69EEB09E8153}.Debug|Any CPU.ActiveCfg = Debug|Any CPU
		{D2C3B5CB-F254-47F9-A6CF-69EEB09E8153}.Debug|Any CPU.Build.0 = Debug|Any CPU
		{D2C3B5CB-F254-47F9-A6CF-69EEB09E8153}.Release|Any CPU.ActiveCfg = Release|Any CPU
		{D2C3B5CB-F254-47F9-A6CF-69EEB09E8153}.Release|Any CPU.Build.0 = Release|Any CPU
		{E7552D39-B676-481F-BCA4-BEE8DA7D0E80}.Debug|Any CPU.ActiveCfg = Debug|Any CPU
		{E7552D39-B676-481F-BCA4-BEE8DA7D0E80}.Debug|Any CPU.Build.0 = Debug|Any CPU
		{E7552D39-B676-481F-BCA4-BEE8DA7D0E80}.Release|Any CPU.ActiveCfg = Release|Any CPU
		{E7552D39-B676-481F-BCA4-BEE8DA7D0E80}.Release|Any CPU.Build.0 = Release|Any CPU
		{2C6B96D9-0502-4DEA-9C60-7407A5BDEB65}.Debug|Any CPU.ActiveCfg = Debug|Any CPU
		{2C6B96D9-0502-4DEA-9C60-7407A5BDEB65}.Debug|Any CPU.Build.0 = Debug|Any CPU
		{2C6B96D9-0502-4DEA-9C60-7407A5BDEB65}.Release|Any CPU.ActiveCfg = Release|Any CPU
		{2C6B96D9-0502-4DEA-9C60-7407A5BDEB65}.Release|Any CPU.Build.0 = Release|Any CPU
		{FD446C3F-0823-4FAD-8E72-5F316A657621}.Debug|Any CPU.ActiveCfg = Debug|Any CPU
		{FD446C3F-0823-4FAD-8E72-5F316A657621}.Debug|Any CPU.Build.0 = Debug|Any CPU
		{FD446C3F-0823-4FAD-8E72-5F316A657621}.Release|Any CPU.ActiveCfg = Release|Any CPU
		{FD446C3F-0823-4FAD-8E72-5F316A657621}.Release|Any CPU.Build.0 = Release|Any CPU
	EndGlobalSection
	GlobalSection(SolutionProperties) = preSolution
		HideSolutionNode = FALSE
	EndGlobalSection
	GlobalSection(ExtensibilityGlobals) = postSolution
		SolutionGuid = {58A96F0F-4004-47AE-9560-A9903974F936}
	EndGlobalSection
EndGlobal
